<?xml version="1.0" encoding="utf-8"?>
<Project ToolsVersion="4.0" xmlns="http://schemas.microsoft.com/developer/msbuild/2003">
  <ItemGroup>
    <Filter Include="ソース ファイル">
      <UniqueIdentifier>{4FC737F1-C7A5-4376-A066-2A32D752A2FF}</UniqueIdentifier>
      <Extensions>cpp;c;cc;cxx;c++;cppm;ixx;def;odl;idl;hpj;bat;asm;asmx</Extensions>
    </Filter>
    <Filter Include="ヘッダー ファイル">
      <UniqueIdentifier>{93995380-89BD-4b04-88EB-625FBE52EBFB}</UniqueIdentifier>
      <Extensions>h;hh;hpp;hxx;h++;hm;inl;inc;ipp;xsd</Extensions>
    </Filter>
    <Filter Include="リソース ファイル">
      <UniqueIdentifier>{67DA6AB6-F800-4c08-8B7A-83BB121AAD01}</UniqueIdentifier>
      <Extensions>rc;ico;cur;bmp;dlg;rc2;rct;bin;rgs;gif;jpg;jpeg;jpe;resx;tiff;tif;png;wav;mfcribbon-ms</Extensions>
    </Filter>
    <Filter Include="シェーダーファイル">
      <UniqueIdentifier>{92d7bcfa-ebef-45b1-9050-8a6c09a173ed}</UniqueIdentifier>
    </Filter>
    <Filter Include="ヘッダー ファイル\Input">
      <UniqueIdentifier>{78df9eb9-84d5-4db3-9c06-5e21afd8b920}</UniqueIdentifier>
    </Filter>
    <Filter Include="ソース ファイル\Input">
      <UniqueIdentifier>{7431be2a-968f-414b-810b-a22373c3546c}</UniqueIdentifier>
    </Filter>
    <Filter Include="ソース ファイル\WinApp">
      <UniqueIdentifier>{b51a51b1-da65-43b0-bd23-0304a6a9ab3f}</UniqueIdentifier>
    </Filter>
    <Filter Include="ヘッダー ファイル\WInApp">
      <UniqueIdentifier>{aca60acd-4fbe-434e-8639-743107b6cb41}</UniqueIdentifier>
    </Filter>
    <Filter Include="ソース ファイル\DirectXCommon">
      <UniqueIdentifier>{53fc9c1b-f15d-4579-ae08-4857e5e744f9}</UniqueIdentifier>
    </Filter>
    <Filter Include="ヘッダー ファイル\DirectXCommon">
      <UniqueIdentifier>{e046fef1-b613-4282-a6cb-e0ef180e298e}</UniqueIdentifier>
    </Filter>
  </ItemGroup>
  <ItemGroup>
    <ClCompile Include="main.cpp">
      <Filter>ソース ファイル</Filter>
    </ClCompile>
    <ClCompile Include="Input\Input.cpp">
      <Filter>ソース ファイル\Input</Filter>
    </ClCompile>
    <ClCompile Include="WinApp\WinApp.cpp">
      <Filter>ソース ファイル\WinApp</Filter>
    </ClCompile>
    <ClCompile Include="DirectXCommon\DirectXCommon.cpp">
      <Filter>ソース ファイル\DirectXCommon</Filter>
    </ClCompile>
  </ItemGroup>
  <ItemGroup>
    <None Include="Resources\shaders\Basic.hlsli">
      <Filter>シェーダーファイル</Filter>
    </None>
  </ItemGroup>
  <ItemGroup>
    <FxCompile Include="Resources\shaders\BasicPS.hlsl">
      <Filter>シェーダーファイル</Filter>
    </FxCompile>
    <FxCompile Include="Resources\shaders\BasicVS.hlsl">
      <Filter>シェーダーファイル</Filter>
    </FxCompile>
  </ItemGroup>
  <ItemGroup>
    <ClInclude Include="Input\Input.h">
      <Filter>ヘッダー ファイル\Input</Filter>
    </ClInclude>
    <ClInclude Include="WinApp\WinApp.h">
      <Filter>ヘッダー ファイル\WInApp</Filter>
    </ClInclude>
    <ClInclude Include="DirectXCommon\DirectXCommon.h">
      <Filter>ヘッダー ファイル\DirectXCommon</Filter>
    </ClInclude>
  </ItemGroup>
</Project>